
Microsoft Visual Studio Solution File, Format Version 12.00
# Visual Studio 15
VisualStudioVersion = 15.0.27130.2024
MinimumVisualStudioVersion = 10.0.40219.1
Project("{FAE04EC0-301F-11D3-BF4B-00C04F79EFBC}") = "Question3", "Question3\Question3.csproj", "{54851045-DB96-43D5-B993-41B4911923E8}"
EndProject
Global
	GlobalSection(SolutionConfigurationPlatforms) = preSolution
		Debug|Any CPU = Debug|Any CPU
		Release|Any CPU = Release|Any CPU
	EndGlobalSection
	GlobalSection(ProjectConfigurationPlatforms) = postSolution
		{54851045-DB96-43D5-B993-41B4911923E8}.Debug|Any CPU.ActiveCfg = Debug|Any CPU
		{54851045-DB96-43D5-B993-41B4911923E8}.Debug|Any CPU.Build.0 = Debug|Any CPU
		{54851045-DB96-43D5-B993-41B4911923E8}.Release|Any CPU.ActiveCfg = Release|Any CPU
		{54851045-DB96-43D5-B993-41B4911923E8}.Release|Any CPU.Build.0 = Release|Any CPU
	EndGlobalSection
	GlobalSection(SolutionProperties) = preSolution
		HideSolutionNode = FALSE
	EndGlobalSection
	GlobalSection(ExtensibilityGlobals) = postSolution
		SolutionGuid = {3B6F1796-8D50-40B8-A566-7F778B05C0C8}
	EndGlobalSection
EndGlobal
